
Microsoft Visual Studio Solution File, Format Version 12.00
# Visual Studio 15
VisualStudioVersion = 15.0.28307.757
MinimumVisualStudioVersion = 10.0.40219.1
Project("{FAE04EC0-301F-11D3-BF4B-00C04F79EFBC}") = "SuccessLife.Android", "SuccessLife\SuccessLife.Android\SuccessLife.Android.csproj", "{88A4F88D-1206-4930-9258-1FB236ECC196}"
EndProject
Project("{FAE04EC0-301F-11D3-BF4B-00C04F79EFBC}") = "SuccessLife.iOS", "SuccessLife\SuccessLife.iOS\SuccessLife.iOS.csproj", "{8ABA3608-6372-4DB3-9C4A-E6D724A10DF1}"
EndProject
Project("{FAE04EC0-301F-11D3-BF4B-00C04F79EFBC}") = "SuccessLife", "SuccessLife\SuccessLife\SuccessLife.csproj", "{208F4C72-A966-47A5-A38A-83316FE45F3B}"
EndProject
Global
	GlobalSection(SolutionConfigurationPlatforms) = preSolution
		Ad-Hoc|Any CPU = Ad-Hoc|Any CPU
		Ad-Hoc|iPhone = Ad-Hoc|iPhone
		Ad-Hoc|iPhoneSimulator = Ad-Hoc|iPhoneSimulator
		AppStore|Any CPU = AppStore|Any CPU
		AppStore|iPhone = AppStore|iPhone
		AppStore|iPhoneSimulator = AppStore|iPhoneSimulator
		Debug|Any CPU = Debug|Any CPU
		Debug|iPhone = Debug|iPhone
		Debug|iPhoneSimulator = Debug|iPhoneSimulator
		Release|Any CPU = Release|Any CPU
		Release|iPhone = Release|iPhone
		Release|iPhoneSimulator = Release|iPhoneSimulator
	EndGlobalSection
	GlobalSection(ProjectConfigurationPlatforms) = postSolution
		{88A4F88D-1206-4930-9258-1FB236ECC196}.Ad-Hoc|Any CPU.ActiveCfg = Release|Any CPU
		{88A4F88D-1206-4930-9258-1FB236ECC196}.Ad-Hoc|Any CPU.Build.0 = Release|Any CPU
		{88A4F88D-1206-4930-9258-1FB236ECC196}.Ad-Hoc|Any CPU.Deploy.0 = Release|Any CPU
		{88A4F88D-1206-4930-9258-1FB236ECC196}.Ad-Hoc|iPhone.ActiveCfg = Release|Any CPU
		{88A4F88D-1206-4930-9258-1FB236ECC196}.Ad-Hoc|iPhone.Build.0 = Release|Any CPU
		{88A4F88D-1206-4930-9258-1FB236ECC196}.Ad-Hoc|iPhone.Deploy.0 = Release|Any CPU
		{88A4F88D-1206-4930-9258-1FB236ECC196}.Ad-Hoc|iPhoneSimulator.ActiveCfg = Release|Any CPU
		{88A4F88D-1206-4930-9258-1FB236ECC196}.Ad-Hoc|iPhoneSimulator.Build.0 = Release|Any CPU
		{88A4F88D-1206-4930-9258-1FB236ECC196}.Ad-Hoc|iPhoneSimulator.Deploy.0 = Release|Any CPU
		{88A4F88D-1206-4930-9258-1FB236ECC196}.AppStore|Any CPU.ActiveCfg = Release|Any CPU
		{88A4F88D-1206-4930-9258-1FB236ECC196}.AppStore|Any CPU.Build.0 = Release|Any CPU
		{88A4F88D-1206-4930-9258-1FB236ECC196}.AppStore|Any CPU.Deploy.0 = Release|Any CPU
		{88A4F88D-1206-4930-9258-1FB236ECC196}.AppStore|iPhone.ActiveCfg = Release|Any CPU
		{88A4F88D-1206-4930-9258-1FB236ECC196}.AppStore|iPhone.Build.0 = Release|Any CPU
		{88A4F88D-1206-4930-9258-1FB236ECC196}.AppStore|iPhone.Deploy.0 = Release|Any CPU
		{88A4F88D-1206-4930-9258-1FB236ECC196}.AppStore|iPhoneSimulator.ActiveCfg = Release|Any CPU
		{88A4F88D-1206-4930-9258-1FB236ECC196}.AppStore|iPhoneSimulator.Build.0 = Release|Any CPU
		{88A4F88D-1206-4930-9258-1FB236ECC196}.AppStore|iPhoneSimulator.Deploy.0 = Release|Any CPU
		{88A4F88D-1206-4930-9258-1FB236ECC196}.Debug|Any CPU.ActiveCfg = Debug|Any CPU
		{88A4F88D-1206-4930-9258-1FB236ECC196}.Debug|Any CPU.Build.0 = Debug|Any CPU
		{88A4F88D-1206-4930-9258-1FB236ECC196}.Debug|Any CPU.Deploy.0 = Debug|Any CPU
		{88A4F88D-1206-4930-9258-1FB236ECC196}.Debug|iPhone.ActiveCfg = Debug|Any CPU
		{88A4F88D-1206-4930-9258-1FB236ECC196}.Debug|iPhone.Build.0 = Debug|Any CPU
		{88A4F88D-1206-4930-9258-1FB236ECC196}.Debug|iPhone.Deploy.0 = Debug|Any CPU
		{88A4F88D-1206-4930-9258-1FB236ECC196}.Debug|iPhoneSimulator.ActiveCfg = Debug|Any CPU
		{88A4F88D-1206-4930-9258-1FB236ECC196}.Debug|iPhoneSimulator.Build.0 = Debug|Any CPU
		{88A4F88D-1206-4930-9258-1FB236ECC196}.Debug|iPhoneSimulator.Deploy.0 = Debug|Any CPU
		{88A4F88D-1206-4930-9258-1FB236ECC196}.Release|Any CPU.ActiveCfg = Release|Any CPU
		{88A4F88D-1206-4930-9258-1FB236ECC196}.Release|Any CPU.Build.0 = Release|Any CPU
		{88A4F88D-1206-4930-9258-1FB236ECC196}.Release|Any CPU.Deploy.0 = Release|Any CPU
		{88A4F88D-1206-4930-9258-1FB236ECC196}.Release|iPhone.ActiveCfg = Release|Any CPU
		{88A4F88D-1206-4930-9258-1FB236ECC196}.Release|iPhone.Build.0 = Release|Any CPU
		{88A4F88D-1206-4930-9258-1FB236ECC196}.Release|iPhone.Deploy.0 = Release|Any CPU
		{88A4F88D-1206-4930-9258-1FB236ECC196}.Release|iPhoneSimulator.ActiveCfg = Release|Any CPU
		{88A4F88D-1206-4930-9258-1FB236ECC196}.Release|iPhoneSimulator.Build.0 = Release|Any CPU
		{88A4F88D-1206-4930-9258-1FB236ECC196}.Release|iPhoneSimulator.Deploy.0 = Release|Any CPU
		{8ABA3608-6372-4DB3-9C4A-E6D724A10DF1}.Ad-Hoc|Any CPU.ActiveCfg = Ad-Hoc|iPhone
		{8ABA3608-6372-4DB3-9C4A-E6D724A10DF1}.Ad-Hoc|Any CPU.Build.0 = Ad-Hoc|iPhone
		{8ABA3608-6372-4DB3-9C4A-E6D724A10DF1}.Ad-Hoc|Any CPU.Deploy.0 = Ad-Hoc|iPhone
		{8ABA3608-6372-4DB3-9C4A-E6D724A10DF1}.Ad-Hoc|iPhone.ActiveCfg = Ad-Hoc|iPhone
		{8ABA3608-6372-4DB3-9C4A-E6D724A10DF1}.Ad-Hoc|iPhone.Build.0 = Ad-Hoc|iPhone
		{8ABA3608-6372-4DB3-9C4A-E6D724A10DF1}.Ad-Hoc|iPhone.Deploy.0 = Ad-Hoc|iPhone
		{8ABA3608-6372-4DB3-9C4A-E6D724A10DF1}.Ad-Hoc|iPhoneSimulator.ActiveCfg = Ad-Hoc|iPhoneSimulator
		{8ABA3608-6372-4DB3-9C4A-E6D724A10DF1}.Ad-Hoc|iPhoneSimulator.Build.0 = Ad-Hoc|iPhoneSimulator
		{8ABA3608-6372-4DB3-9C4A-E6D724A10DF1}.Ad-Hoc|iPhoneSimulator.Deploy.0 = Ad-Hoc|iPhoneSimulator
		{8ABA3608-6372-4DB3-9C4A-E6D724A10DF1}.AppStore|Any CPU.ActiveCfg = AppStore|iPhone
		{8ABA3608-6372-4DB3-9C4A-E6D724A10DF1}.AppStore|Any CPU.Build.0 = AppStore|iPhone
		{8ABA3608-6372-4DB3-9C4A-E6D724A10DF1}.AppStore|Any CPU.Deploy.0 = AppStore|iPhone
		{8ABA3608-6372-4DB3-9C4A-E6D724A10DF1}.AppStore|iPhone.ActiveCfg = AppStore|iPhone
		{8ABA3608-6372-4DB3-9C4A-E6D724A10DF1}.AppStore|iPhone.Build.0 = AppStore|iPhone
		{8ABA3608-6372-4DB3-9C4A-E6D724A10DF1}.AppStore|iPhone.Deploy.0 = AppStore|iPhone
		{8ABA3608-6372-4DB3-9C4A-E6D724A10DF1}.AppStore|iPhoneSimulator.ActiveCfg = AppStore|iPhoneSimulator
		{8ABA3608-6372-4DB3-9C4A-E6D724A10DF1}.AppStore|iPhoneSimulator.Build.0 = AppStore|iPhoneSimulator
		{8ABA3608-6372-4DB3-9C4A-E6D724A10DF1}.AppStore|iPhoneSimulator.Deploy.0 = AppStore|iPhoneSimulator
		{8ABA3608-6372-4DB3-9C4A-E6D724A10DF1}.Debug|Any CPU.ActiveCfg = Debug|iPhoneSimulator
		{8ABA3608-6372-4DB3-9C4A-E6D724A10DF1}.Debug|Any CPU.Build.0 = Debug|iPhoneSimulator
		{8ABA3608-6372-4DB3-9C4A-E6D724A10DF1}.Debug|Any CPU.Deploy.0 = Debug|iPhoneSimulator
		{8ABA3608-6372-4DB3-9C4A-E6D724A10DF1}.Debug|iPhone.ActiveCfg = Debug|iPhone
		{8ABA3608-6372-4DB3-9C4A-E6D724A10DF1}.Debug|iPhone.Build.0 = Debug|iPhone
		{8ABA3608-6372-4DB3-9C4A-E6D724A10DF1}.Debug|iPhone.Deploy.0 = Debug|iPhone
		{8ABA3608-6372-4DB3-9C4A-E6D724A10DF1}.Debug|iPhoneSimulator.ActiveCfg = Debug|iPhoneSimulator
		{8ABA3608-6372-4DB3-9C4A-E6D724A10DF1}.Debug|iPhoneSimulator.Build.0 = Debug|iPhoneSimulator
		{8ABA3608-6372-4DB3-9C4A-E6D724A10DF1}.Debug|iPhoneSimulator.Deploy.0 = Debug|iPhoneSimulator
		{8ABA3608-6372-4DB3-9C4A-E6D724A10DF1}.Release|Any CPU.ActiveCfg = Release|iPhone
		{8ABA3608-6372-4DB3-9C4A-E6D724A10DF1}.Release|Any CPU.Build.0 = Release|iPhone
		{8ABA3608-6372-4DB3-9C4A-E6D724A10DF1}.Release|Any CPU.Deploy.0 = Release|iPhone
		{8ABA3608-6372-4DB3-9C4A-E6D724A10DF1}.Release|iPhone.ActiveCfg = Release|iPhone
		{8ABA3608-6372-4DB3-9C4A-E6D724A10DF1}.Release|iPhone.Build.0 = Release|iPhone
		{8ABA3608-6372-4DB3-9C4A-E6D724A10DF1}.Release|iPhone.Deploy.0 = Release|iPhone
		{8ABA3608-6372-4DB3-9C4A-E6D724A10DF1}.Release|iPhoneSimulator.ActiveCfg = Release|iPhoneSimulator
		{8ABA3608-6372-4DB3-9C4A-E6D724A10DF1}.Release|iPhoneSimulator.Build.0 = Release|iPhoneSimulator
		{8ABA3608-6372-4DB3-9C4A-E6D724A10DF1}.Release|iPhoneSimulator.Deploy.0 = Release|iPhoneSimulator
		{208F4C72-A966-47A5-A38A-83316FE45F3B}.Ad-Hoc|Any CPU.ActiveCfg = Debug|Any CPU
		{208F4C72-A966-47A5-A38A-83316FE45F3B}.Ad-Hoc|Any CPU.Build.0 = Debug|Any CPU
		{208F4C72-A966-47A5-A38A-83316FE45F3B}.Ad-Hoc|Any CPU.Deploy.0 = Debug|Any CPU
		{208F4C72-A966-47A5-A38A-83316FE45F3B}.Ad-Hoc|iPhone.ActiveCfg = Debug|Any CPU
		{208F4C72-A966-47A5-A38A-83316FE45F3B}.Ad-Hoc|iPhone.Build.0 = Debug|Any CPU
		{208F4C72-A966-47A5-A38A-83316FE45F3B}.Ad-Hoc|iPhone.Deploy.0 = Debug|Any CPU
		{208F4C72-A966-47A5-A38A-83316FE45F3B}.Ad-Hoc|iPhoneSimulator.ActiveCfg = Debug|Any CPU
		{208F4C72-A966-47A5-A38A-83316FE45F3B}.Ad-Hoc|iPhoneSimulator.Build.0 = Debug|Any CPU
		{208F4C72-A966-47A5-A38A-83316FE45F3B}.Ad-Hoc|iPhoneSimulator.Deploy.0 = Debug|Any CPU
		{208F4C72-A966-47A5-A38A-83316FE45F3B}.AppStore|Any CPU.ActiveCfg = Debug|Any CPU
		{208F4C72-A966-47A5-A38A-83316FE45F3B}.AppStore|Any CPU.Build.0 = Debug|Any CPU
		{208F4C72-A966-47A5-A38A-83316FE45F3B}.AppStore|Any CPU.Deploy.0 = Debug|Any CPU
		{208F4C72-A966-47A5-A38A-83316FE45F3B}.AppStore|iPhone.ActiveCfg = Debug|Any CPU
		{208F4C72-A966-47A5-A38A-83316FE45F3B}.AppStore|iPhone.Build.0 = Debug|Any CPU
		{208F4C72-A966-47A5-A38A-83316FE45F3B}.AppStore|iPhone.Deploy.0 = Debug|Any CPU
		{208F4C72-A966-47A5-A38A-83316FE45F3B}.AppStore|iPhoneSimulator.ActiveCfg = Debug|Any CPU
		{208F4C72-A966-47A5-A38A-83316FE45F3B}.AppStore|iPhoneSimulator.Build.0 = Debug|Any CPU
		{208F4C72-A966-47A5-A38A-83316FE45F3B}.AppStore|iPhoneSimulator.Deploy.0 = Debug|Any CPU
		{208F4C72-A966-47A5-A38A-83316FE45F3B}.Debug|Any CPU.ActiveCfg = Debug|Any CPU
		{208F4C72-A966-47A5-A38A-83316FE45F3B}.Debug|Any CPU.Build.0 = Debug|Any CPU
		{208F4C72-A966-47A5-A38A-83316FE45F3B}.Debug|Any CPU.Deploy.0 = Debug|Any CPU
		{208F4C72-A966-47A5-A38A-83316FE45F3B}.Debug|iPhone.ActiveCfg = Debug|Any CPU
		{208F4C72-A966-47A5-A38A-83316FE45F3B}.Debug|iPhone.Build.0 = Debug|Any CPU
		{208F4C72-A966-47A5-A38A-83316FE45F3B}.Debug|iPhone.Deploy.0 = Debug|Any CPU
		{208F4C72-A966-47A5-A38A-83316FE45F3B}.Debug|iPhoneSimulator.ActiveCfg = Debug|Any CPU
		{208F4C72-A966-47A5-A38A-83316FE45F3B}.Debug|iPhoneSimulator.Build.0 = Debug|Any CPU
		{208F4C72-A966-47A5-A38A-83316FE45F3B}.Debug|iPhoneSimulator.Deploy.0 = Debug|Any CPU
		{208F4C72-A966-47A5-A38A-83316FE45F3B}.Release|Any CPU.ActiveCfg = Release|Any CPU
		{208F4C72-A966-47A5-A38A-83316FE45F3B}.Release|Any CPU.Build.0 = Release|Any CPU
		{208F4C72-A966-47A5-A38A-83316FE45F3B}.Release|Any CPU.Deploy.0 = Release|Any CPU
		{208F4C72-A966-47A5-A38A-83316FE45F3B}.Release|iPhone.ActiveCfg = Release|Any CPU
		{208F4C72-A966-47A5-A38A-83316FE45F3B}.Release|iPhone.Build.0 = Release|Any CPU
		{208F4C72-A966-47A5-A38A-83316FE45F3B}.Release|iPhone.Deploy.0 = Release|Any CPU
		{208F4C72-A966-47A5-A38A-83316FE45F3B}.Release|iPhoneSimulator.ActiveCfg = Release|Any CPU
		{208F4C72-A966-47A5-A38A-83316FE45F3B}.Release|iPhoneSimulator.Build.0 = Release|Any CPU
		{208F4C72-A966-47A5-A38A-83316FE45F3B}.Release|iPhoneSimulator.Deploy.0 = Release|Any CPU
	EndGlobalSection
	GlobalSection(SolutionProperties) = preSolution
		HideSolutionNode = FALSE
	EndGlobalSection
	GlobalSection(ExtensibilityGlobals) = postSolution
		SolutionGuid = {F47D4B7F-7E2C-4B0B-8F83-14C1CE318142}
	EndGlobalSection
EndGlobal
